github.com/DATA-DOG/go-sqlmock v1.3.3/go.mod h1:f/Ixk793poVmq4qj/V1dPUg2JEAKC73Q5eFN3EC/SaM=
github.com/aquilax/go-perlin v1.1.0 h1:Gg+3jQ24wT4Y5GI7TCRLmYarzUG0k+n/JATFqOimb7s=
github.com/aquilax/go-perlin v1.1.0/go.mod h1:z9Rl7EM4BZY0Ikp2fEN1I5mKSOJ26HQpk0O2TBdN2HE=
github.com/chewxy/math32 v1.11.1 h1:b7PGHlp8KjylDoU8RrcEsRuGZhJuz8haxnKfuMMRqy8=
github.com/chewxy/math32 v1.11.1/go.mod h1:dOB2rcuFrCn6UHrze36WSLVPKtzPMRAQvBvUwkSsLqs=
github.com/d4l3k/messagediff v1.2.2-0.20190829033028-7e0a312ae40b/go.mod h1:Oozbb1TVXFac9FtSIxHBMnBCq2qeH/2KkEQxENCrlLo=
github.com/faiface/beep v1.1.0 h1:A2gWP6xf5Rh7RG/p9/VAW2jRSDEGQm5sbOb38sf5d4c=
github.com/faiface/beep v1.1.0/go.mod h1:6I8p6kK2q4opL/eWb+kAkk38ehnTunWeToJB+s51sT4=
github.com/gdamore/encoding v1.0.0/go.mod h1:alR0ol34c49FCSBLjhosxzcPHQbf2trDkoo5dl+VrEg=
github.com/gdamore/tcell v1.3.0/go.mod h1:Hjvr+Ofd+gLglo7RYKxxnzCBmev3BzsS67MebKS4zMM=
github.com/gen2brain/malgo v0.11.25 h1:g0eMVeZIBvMRBbkVSR8p7ZafGFbxBcQERPa1GKHkg34=
github.com/gen2brain/malgo v0.11.25/go.mod h1:xLVG3ROA33Bzol1quF3e4ehqcFuqh8QK4B8T6LQUs/M=
github.com/go-audio/audio v1.0.0/go.mod h1:6uAu0+H2lHkwdGsAY+j2wHPNPpPoeg5AaEFh9FlA+Zs=
github.com/go-audio/riff v1.0.0/go.mod h1:l3cQwc85y79NQFCRB7TiPoNiaijp6q8Z0Uv38rVG498=
github.com/go-audio/wav v1.0.0/go.mod h1:3yoReyQOsiARkvPl3ERCi8JFjihzG6WhjYpZCf5zAWE=
github.com/go-gl/mathgl v1.2.0 h1:v2eOj/y1B2afDxF6URV1qCYmo1KW08lAMtTbOn3KXCY=
github.com/go-gl/mathgl v1.2.0/go.mod h1:pf9+b5J3LFP7iZ4XXaVzZrCle0Q/vNpB/vDe5+3ulRE=
github.com/hajimehoshi/go-mp3 v0.3.0/go.mod h1:qMJj/CSDxx6CGHiZeCgbiq2DSUkbK0UbtXShQcnfyMM=
github.com/hajimehoshi/oto v0.6.1/go.mod h1:0QXGEkbuJRohbJaxr7ZQSxnju7hEhseiPx2hrh6raOI=
github.com/hajimehoshi/oto v0.7.1/go.mod h1:wovJ8WWMfFKvP587mhHgot/MBr4DnNy9m6EepeVGnos=
github.com/icza/bitio v1.0.0/go.mod h1:0jGnlLAx8MKMr9VGnn/4YrvZiprkvBelsVIbA9Jjr9A=
github.com/icza/mighty v0.0.0-20180919140131-cfd07d671de6/go.mod h1:xQig96I1VNBDIWGCdTt54nHt6EeI639SmHycLYL7FkA=
github.com/jfreymuth/oggvorbis v1.0.1/go.mod h1:NqS+K+UXKje0FUYUPosyQ+XTVvjmVjps1aEZH1sumIk=
github.com/jfreymuth/vorbis v1.0.0/go.mod h1:8zy3lUAm9K/rJJk223RKy6vjCZTWC61NA2QD06bfOE0=
github.com/lucasb-eyer/go-colorful v1.0.2/go.mod h1:0MS4r+7BZKSJ5mw4/S5MPN+qHFF1fYclkSPilDOKW0s=
github.com/mattn/go-runewidth v0.0.4/go.mod h1:LwmH8dsx7+W8Uxz3IHJYH5QSwggIsqBzpuz5H//U1FU=
github.com/mewkiz/flac v1.0.7/go.mod h1:yU74UH277dBUpqxPouHSQIar3G1X/QIclVbFahSd1pU=
github.com/mewkiz/pkg v0.0.0-20190919212034-518ade7978e2/go.mod h1:3E2FUC/qYUfM8+r9zAwpeHJzqRVVMIYnpzD/clwWxyA=
github.com/pkg/errors v0.8.1/go.mod h1:bwawxfHBFNV+L2hUp1rHADufV3IMtnDRdf1r5NINEl0=
github.com/pkg/errors v0.9.1/go.mod h1:bwawxfHBFNV+L2hUp1rHADufV3IMtnDRdf1r5NINEl0=
github.com/striter-no/softgo v0.0.0-20260615084446-03c8e5cb7524 h1:GfnyRoG1Dh8+sEL+/PHUzKWYs/PYAn2fhkMcf3cadBc=
github.com/striter-no/softgo v0.0.0-20260615084446-03c8e5cb7524/go.mod h1:crUM9mtgedL4GiUyevhtwuxButqKyHjmY8LUH4CY19Q=
github.com/striter-no/softgo v0.0.0-20260615121643-1b07c19c9570 h1:bqC+XmVDI94Z3JaxuAVD866N9fURz5I2N6xPBJQBVgU=
github.com/striter-no/softgo v0.0.0-20260615121643-1b07c19c9570/go.mod h1:crUM9mtgedL4GiUyevhtwuxButqKyHjmY8LUH4CY19Q=
github.com/striter-no/softgo v0.0.0-20260615121821-6a82f795ade6 h1:hTlttzeLmvyUOhFlcspQwKEAb7dndAapbQYQnr3UHCA=
github.com/striter-no/softgo v0.0.0-20260615121821-6a82f795ade6/go.mod h1:crUM9mtgedL4GiUyevhtwuxButqKyHjmY8LUH4CY19Q=
github.com/striter-no/softgo v0.0.0-20260615122314-fa2bf7a394a4 h1:glhgq3A1A1+xJ3n3qrFZ3z7qS7SpNB81tAe+Q3gIiWg=
github.com/striter-no/softgo v0.0.0-20260615122314-fa2bf7a394a4/go.mod h1:crUM9mtgedL4GiUyevhtwuxButqKyHjmY8LUH4CY19Q=
github.com/striter-no/softgo v0.0.0-20260615123143-80af34c760e7 h1:wkH9DmW9j7sfrq6iQlY9ctMNulbkjqVhlAmM1pESXtg=
github.com/striter-no/softgo v0.0.0-20260615123143-80af34c760e7/go.mod h1:OaoAs4e1+dbwNm0ASxXTZUUYi+0m9cRBV2jAAVxC3yQ=
github.com/striter-no/softgo v0.0.0-20260615125554-122373eb7fb2 h1:1tdownZijJRWVKLqeUzLb+1nt7MkWnVRojzrKPQcusQ=
github.com/striter-no/softgo v0.0.0-20260615125554-122373eb7fb2/go.mod h1:OaoAs4e1+dbwNm0ASxXTZUUYi+0m9cRBV2jAAVxC3yQ=
github.com/striter-no/softgo v0.0.0-20260615131959-4de1bbb6b005 h1:a7657/3JYsHTAHvouZOHmumiYU0ogih2wAuX7mqW5jQ=
github.com/striter-no/softgo v0.0.0-20260615131959-4de1bbb6b005/go.mod h1:1ylRzSDA3HZ+/imEVrCCZS4nBx4ryWx01QQqZHXP7+k=
github.com/striter-no/softgo v0.0.0-20260615142158-bdd7487df771 h1:B+ZSwoEctOxKfuhU+eLwbGmQNWWJV2pjUfugwzXP2Ac=
github.com/striter-no/softgo v0.0.0-20260615142158-bdd7487df771/go.mod h1:1ylRzSDA3HZ+/imEVrCCZS4nBx4ryWx01QQqZHXP7+k=
github.com/striter-no/softgo v0.0.0-20260615145616-350f42c29e73 h1:NNtxw4cX4bp6jlL/IE9BB6VCe9Cr7mzuWouUSZ4MYmY=
github.com/striter-no/softgo v0.0.0-20260615145616-350f42c29e73/go.mod h1:SWOG+YQiw18heo/A+RDBvQSoFMu2BOkF24ObDCO/2OY=
github.com/striter-no/softgo v0.0.0-20260615151122-e8d300f05722 h1:nIWvewmor5iUmuLS/XicoIMR86fpQZnZ8joj0que6zA=
github.com/striter-no/softgo v0.0.0-20260615151122-e8d300f05722/go.mod h1:Nr3ggFpfqC90Bhiui+n1k6VnrvLjr4fjOXorXqBCeZA=
github.com/striter-no/softgo v0.0.0-20260615152700-104f184e7db7 h1:63PgR7GPtLeWhsPMsAeKyW/yri3vqmU/aFjxPI3lR8o=
github.com/striter-no/softgo v0.0.0-20260615152700-104f184e7db7/go.mod h1:Nr3ggFpfqC90Bhiui+n1k6VnrvLjr4fjOXorXqBCeZA=
github.com/striter-no/stg v0.0.0-20260614221801-579572073cfa h1:ZQvRC3nN+HoV8Gzfr9PKODmWijy/MSNzHJ4KENYzf0M=
github.com/striter-no/stg v0.0.0-20260614221801-579572073cfa/go.mod h1:S2gACip2w2KlRiL9TN+hO0SwDcfRgx4xmER/3J94Fe8=
github.com/striter-no/stg v0.0.0-20260615122913-8226c88f3e00 h1:D+HJ+ZZvTJKxKowGjc67JgZwjn0/6hM7aYzN99DEORo=
github.com/striter-no/stg v0.0.0-20260615122913-8226c88f3e00/go.mod h1:S2gACip2w2KlRiL9TN+hO0SwDcfRgx4xmER/3J94Fe8=
github.com/striter-no/stg v0.0.0-20260615124046-44b1757da80d h1:EGwTjr+bq3IqIqlPxCU1e+3DBzXd7zhekoC4PUBRZXA=
github.com/striter-no/stg v0.0.0-20260615124046-44b1757da80d/go.mod h1:S2gACip2w2KlRiL9TN+hO0SwDcfRgx4xmER/3J94Fe8=
github.com/striter-no/stg v0.0.0-20260615145345-03ce5868c64a h1:29q9PJ9jIK3MdRKZNIebGkOwuuRkAx5lJCKrhJQh/h4=
github.com/striter-no/stg v0.0.0-20260615145345-03ce5868c64a/go.mod h1:S2gACip2w2KlRiL9TN+hO0SwDcfRgx4xmER/3J94Fe8=
github.com/striter-no/stg v0.0.0-20260615151033-8568c566e552 h1:G6bvB5mTrLb+7xCIePQHcLKws6gilzyQ3u7mpPf1zJ8=
github.com/striter-no/stg v0.0.0-20260615151033-8568c566e552/go.mod h1:S2gACip2w2KlRiL9TN+hO0SwDcfRgx4xmER/3J94Fe8=
github.com/ungerik/go3d v0.0.0-20251020194721-1bde1320d420 h1:Ziz6uKC//mt/aOs61IMzk+a7XyMzTaMcJBQFwUx2LXc=
github.com/ungerik/go3d v0.0.0-20251020194721-1bde1320d420/go.mod h1:4OT7jWjZCxpaqXQHhYO54/UBbHpEuw0OCx8nIS8rvyI=
golang.org/x/exp v0.0.0-20190306152737-a1d7652674e8/go.mod h1:CJ0aWSM057203Lf6IL+f9T1iT9GByDxfZKAQTCR3kQA=
golang.org/x/image v0.0.0-20190220214146-31aff87c08e9/go.mod h1:kZ7UVZpmo3dzQBMxlp+ypCbDeSB+sBbTgSJuh5dn5js=
golang.org/x/image v0.0.0-20190227222117-0694c2d4d067/go.mod h1:kZ7UVZpmo3dzQBMxlp+ypCbDeSB+sBbTgSJuh5dn5js=
golang.org/x/mobile v0.0.0-20190415191353-3e0bab5405d6/go.mod h1:E/iHnbuqvinMTCcRqshq8CkpyQDoeVncDDYHnLhea+o=
golang.org/x/net v0.0.0-20190213061140-3a22650c66bd/go.mod h1:mL1N/T3taQHkDXs73rZJwtUhF3w3ftmwwsq0BUmARs4=
golang.org/x/sys v0.0.0-20190312061237-fead79001313/go.mod h1:h1NjWce9XRLGQEsW7wpKNCjG9DtNlClVuFLEZdDNbEs=
golang.org/x/sys v0.0.0-20190429190828-d89cdac9e872/go.mod h1:h1NjWce9XRLGQEsW7wpKNCjG9DtNlClVuFLEZdDNbEs=
golang.org/x/sys v0.0.0-20190626150813-e07cf5db2756/go.mod h1:h1NjWce9XRLGQEsW7wpKNCjG9DtNlClVuFLEZdDNbEs=
golang.org/x/sys v0.46.0 h1:noSf2Fq6F8DBgS+LysIkx7rIExoNHJsxOAtPp4rthXw=
golang.org/x/sys v0.46.0/go.mod h1:4GL1E5IUh+htKOUEOaiffhrAeqysfVGipDYzABqnCmw=
golang.org/x/term v0.44.0 h1:0rLvDRCtNj0gZkyIXhCyOb2OAzEhLVqc4B+hrsBhrmc=
golang.org/x/term v0.44.0/go.mod h1:7ze4MdzUzLXpSAoFP1H0bOI9aXDqveSvatT5vKcFh2Y=
golang.org/x/text v0.3.0/go.mod h1:NqM8EUOU14njkJ3fqMW+pc6Ldnwhi/IjpwHt7yyuwOQ=
